
Microsoft Visual Studio Solution File, Format Version 12.00
# Visual Studio Version 17
VisualStudioVersion = 17.10.35122.118
MinimumVisualStudioVersion = 10.0.40219.1
Project("{9A19103F-16F7-4668-BE54-9A1E7A4F7556}") = "WorldCities.Server", "WorldCities.Server\WorldCities.Server.csproj", "{A677BC46-6D43-4C9E-BA3E-5CFC0FA194C0}"
EndProject
Project("{54A90642-561A-4BB1-A94E-469ADEE60C69}") = "worldcities.client", "worldcities.client\worldcities.client.esproj", "{A25FDB89-37EF-44F4-A631-2FD2DA086497}"
EndProject
Project("{FAE04EC0-301F-11D3-BF4B-00C04F79EFBC}") = "WorldCities.Server.Tests", "WorldCities.Server.Tests\WorldCities.Server.Tests.csproj", "{F89575FB-B6CF-40B5-A237-69E69630BB3E}"
EndProject
Global
	GlobalSection(SolutionConfigurationPlatforms) = preSolution
		Debug|Any CPU = Debug|Any CPU
		Release|Any CPU = Release|Any CPU
	EndGlobalSection
	GlobalSection(ProjectConfigurationPlatforms) = postSolution
		{A677BC46-6D43-4C9E-BA3E-5CFC0FA194C0}.Debug|Any CPU.ActiveCfg = Debug|Any CPU
		{A677BC46-6D43-4C9E-BA3E-5CFC0FA194C0}.Debug|Any CPU.Build.0 = Debug|Any CPU
		{A677BC46-6D43-4C9E-BA3E-5CFC0FA194C0}.Release|Any CPU.ActiveCfg = Release|Any CPU
		{A677BC46-6D43-4C9E-BA3E-5CFC0FA194C0}.Release|Any CPU.Build.0 = Release|Any CPU
		{A25FDB89-37EF-44F4-A631-2FD2DA086497}.Debug|Any CPU.ActiveCfg = Debug|Any CPU
		{A25FDB89-37EF-44F4-A631-2FD2DA086497}.Debug|Any CPU.Build.0 = Debug|Any CPU
		{A25FDB89-37EF-44F4-A631-2FD2DA086497}.Debug|Any CPU.Deploy.0 = Debug|Any CPU
		{A25FDB89-37EF-44F4-A631-2FD2DA086497}.Release|Any CPU.ActiveCfg = Release|Any CPU
		{A25FDB89-37EF-44F4-A631-2FD2DA086497}.Release|Any CPU.Build.0 = Release|Any CPU
		{A25FDB89-37EF-44F4-A631-2FD2DA086497}.Release|Any CPU.Deploy.0 = Release|Any CPU
		{F89575FB-B6CF-40B5-A237-69E69630BB3E}.Debug|Any CPU.ActiveCfg = Debug|Any CPU
		{F89575FB-B6CF-40B5-A237-69E69630BB3E}.Debug|Any CPU.Build.0 = Debug|Any CPU
		{F89575FB-B6CF-40B5-A237-69E69630BB3E}.Release|Any CPU.ActiveCfg = Release|Any CPU
		{F89575FB-B6CF-40B5-A237-69E69630BB3E}.Release|Any CPU.Build.0 = Release|Any CPU
	EndGlobalSection
	GlobalSection(SolutionProperties) = preSolution
		HideSolutionNode = FALSE
	EndGlobalSection
	GlobalSection(ExtensibilityGlobals) = postSolution
		SolutionGuid = {68D84E0E-9F90-4E93-886D-6A3B97741004}
	EndGlobalSection
EndGlobal
